// !$*UTF8*$!
{
	archiveVersion = 1;
	classes = {
	};
	objectVersion = 77;
	objects = {

/* Begin PBXBuildFile section */
		073C5F55E358DC2A27012703 /* StreamManager.swift in Sources */ = {isa = PBXBuildFile; fileRef = A77334C1AFF23F057B4627DC /* StreamManager.swift */; };
		08E60B7F11CBC9DD92B19F18 /* HelloWorldView.swift in Sources */ = {isa = PBXBuildFile; fileRef = 59FB6D56A60C6F1B554499EB /* HelloWorldView.swift */; };
		13D8148661AABC54AB421ADC /* OfflineIndicatorView.swift in Sources */ = {isa = PBXBuildFile; fileRef = F184A4CAD286EF04FAB2CA01 /* OfflineIndicatorView.swift */; };
		297CACB39DDD705A8166A4A6 /* JetBrainsMono-Regular.ttf in Resources */ = {isa = PBXBuildFile; fileRef = D2799E01740D4AFBDD20D960 /* JetBrainsMono-Regular.ttf */; };
		2E9C5C68CCE99F44D82796D9 /* CameraPreviewView.swift in Sources */ = {isa = PBXBuildFile; fileRef = 2B42B677D75020B244722F76 /* CameraPreviewView.swift */; };
		32F4A5B6C7D8E9F0A1B2C3D4 /* CaptureGuidanceView.swift in Sources */ = {isa = PBXBuildFile; fileRef = 3A1B2C4D5E6F7A8B9C0D1E2F /* CaptureGuidanceView.swift */; };
		369C951CC93A9EEF0790D727 /* CameraView.swift in Sources */ = {isa = PBXBuildFile; fileRef = 8FF5FA190CF9E5B8B778E942 /* CameraView.swift */; };
		420A170E7A7CA72194C885D9 /* LaunchScreenView.swift in Sources */ = {isa = PBXBuildFile; fileRef = 2CF5ABF3BBEB18F5D999C863 /* LaunchScreenView.swift */; };
		4DDBCFECEC52959DDB2C7B38 /* NetworkMonitor.swift in Sources */ = {isa = PBXBuildFile; fileRef = A0C34711D49BCB093EFDEC4E /* NetworkMonitor.swift */; };
		4ED9283B69C74BA2B6452ADF /* VisionService.swift in Sources */ = {isa = PBXBuildFile; fileRef = 4B96FA1D2851B9E6A44B4A51 /* VisionService.swift */; };
		5BBE000C15164F08B85C9DC8 /* DataSeeder.swift in Sources */ = {isa = PBXBuildFile; fileRef = EE8E70F2333D41D8880E7CCA /* DataSeeder.swift */; };
		671ACECE8D5940428308C6EC /* PerformanceTestData.swift in Sources */ = {isa = PBXBuildFile; fileRef = 90075E8758F64E3095FAE717 /* PerformanceTestData.swift */; };
		6F97989D8D79A34FDE104ECA /* ProcessingQueueView.swift in Sources */ = {isa = PBXBuildFile; fileRef = 55A9AF22BFD486E653476974 /* ProcessingQueueView.swift */; };
		7B2A93E4D8FF47B0A02715CD /* DuplicateDetection.swift in Sources */ = {isa = PBXBuildFile; fileRef = CBA88448C0C24D34A5C7BEE6 /* DuplicateDetection.swift */; };
		7F0000010000000000000001 /* SwiftwingApp.swift in Sources */ = {isa = PBXBuildFile; fileRef = 7F0000020000000000000001 /* SwiftwingApp.swift */; };
		7F0000030000000000000001 /* ContentView.swift in Sources */ = {isa = PBXBuildFile; fileRef = 7F0000040000000000000001 /* ContentView.swift */; };
		7F0000050000000000000001 /* Book.swift in Sources */ = {isa = PBXBuildFile; fileRef = 7F0000060000000000000001 /* Book.swift */; };
		7F0000070000000000000001 /* Assets.xcassets in Resources */ = {isa = PBXBuildFile; fileRef = 7F0000080000000000000001 /* Assets.xcassets */; };
		7F0000090000000000000001 /* Preview Assets.xcassets in Resources */ = {isa = PBXBuildFile; fileRef = 7F00000A0000000000000001 /* Preview Assets.xcassets */; };
		7F00001C0000000000000001 /* LibraryView.swift in Sources */ = {isa = PBXBuildFile; fileRef = 7F00001D0000000000000001 /* LibraryView.swift */; };
		7F00001E0000000000000001 /* RootView.swift in Sources */ = {isa = PBXBuildFile; fileRef = 7F00001F0000000000000001 /* RootView.swift */; };
		7F0000200000000000000001 /* CameraPermissionPrimerView.swift in Sources */ = {isa = PBXBuildFile; fileRef = 7F0000210000000000000001 /* CameraPermissionPrimerView.swift */; };
		7F0000220000000000000001 /* AsyncImageWithLoading.swift in Sources */ = {isa = PBXBuildFile; fileRef = 7F0000230000000000000001 /* AsyncImageWithLoading.swift */; };
		7F0000290000000000000001 /* OpenAPIRuntime in Frameworks */ = {isa = PBXBuildFile; productRef = 7F0000240000000000000001 /* OpenAPIRuntime */; };
		7F00002A0000000000000001 /* OpenAPIURLSession in Frameworks */ = {isa = PBXBuildFile; productRef = 7F0000250000000000000001 /* OpenAPIURLSession */; };
		7FCD53E9DDA2C7058C8E36C8 /* Theme.swift in Sources */ = {isa = PBXBuildFile; fileRef = 8F38536DACB936224AB7F798 /* Theme.swift */; };
		92F6E063027BB1606D340CF6 /* VisionOverlayView.swift in Sources */ = {isa = PBXBuildFile; fileRef = ACCC3A90A3E43A15C862A285 /* VisionOverlayView.swift */; };
		9779FA3AFEE4F200B5CDA6A1 /* RateLimitState.swift in Sources */ = {isa = PBXBuildFile; fileRef = 20CCBE29F1E96887AC43FC7B /* RateLimitState.swift */; };
		A589308B2F26D83900629770 /* CameraViewModel.swift in Sources */ = {isa = PBXBuildFile; fileRef = A589308A2F26D83900629770 /* CameraViewModel.swift */; };
		A5A480302F23C145006CD05C /* LibraryPrefetchCoordinator.swift in Sources */ = {isa = PBXBuildFile; fileRef = A5A4802F2F23C145006CD05C /* LibraryPrefetchCoordinator.swift */; };
		A5A480382F23CF0D006CD05C /* ImageCacheManager.swift in Sources */ = {isa = PBXBuildFile; fileRef = A5A480372F23CF0D006CD05C /* ImageCacheManager.swift */; };
		AA39CA26AE1946FCA5954F21 /* DuplicateBookAlert.swift in Sources */ = {isa = PBXBuildFile; fileRef = 61AA37A8BF1D45E7A09593F7 /* DuplicateBookAlert.swift */; };
		ACBEEDDC92CAE5BFB17A2AFB /* OfflineQueueManager.swift in Sources */ = {isa = PBXBuildFile; fileRef = 6CABBB6D46005235B0EE24D0 /* OfflineQueueManager.swift */; };
		B2484F92C9D489D1C6BC5394 /* OnboardingView.swift in Sources */ = {isa = PBXBuildFile; fileRef = 5D36FFC3AF4B7AF115115DEC /* OnboardingView.swift */; };
		BBFC697E2E23D044AC8EF131 /* ProcessingItem.swift in Sources */ = {isa = PBXBuildFile; fileRef = A8195C0DA788117D0CA7F743 /* ProcessingItem.swift */; };
		C10E7E61AFE75C123777DF9D /* NetworkService.swift in Sources */ = {isa = PBXBuildFile; fileRef = 05DF41D1F3E2F7121ECA7F30 /* NetworkService.swift */; };
		C4D5F032A82E62917C7B51A5 /* NetworkTypes.swift in Sources */ = {isa = PBXBuildFile; fileRef = C48EF5A601C80414ED1B7BBB /* NetworkTypes.swift */; };
		C8DAF14A65C717951B5F0587 /* RateLimitOverlay.swift in Sources */ = {isa = PBXBuildFile; fileRef = FBAF27E2A6A676CA79EE6CFF /* RateLimitOverlay.swift */; };
		DABC14EAB6449A528531BAEE /* VisionTypes.swift in Sources */ = {isa = PBXBuildFile; fileRef = 51482BF923E8B4E6C0098A07 /* VisionTypes.swift */; };
		DD2F515C3B491533FA6F45D5 /* CameraManager.swift in Sources */ = {isa = PBXBuildFile; fileRef = 733AF8F390562E0E6977AD18 /* CameraManager.swift */; };
		DF526BC6E5DA4567A1DFEF80 /* PerformanceLogger.swift in Sources */ = {isa = PBXBuildFile; fileRef = 59F317E1876D4A1AA17ED9AD /* PerformanceLogger.swift */; };
		F6160EAA1D7539CA137F91D9 /* TalariaService.swift in Sources */ = {isa = PBXBuildFile; fileRef = BBAB4A6B0846BA3231888A50 /* TalariaService.swift */; };
/* End PBXBuildFile section */

/* Begin PBXContainerItemProxy section */
		A589307D2F268AA000629770 /* PBXContainerItemProxy */ = {
			isa = PBXContainerItemProxy;
			containerPortal = 7F0000160000000000000001 /* Project object */;
			proxyType = 1;
			remoteGlobalIDString = 7F0000120000000000000001;
			remoteInfo = swiftwing;
		};
/* End PBXContainerItemProxy section */

/* Begin PBXFileReference section */
		05DF41D1F3E2F7121ECA7F30 /* NetworkService.swift */ = {isa = PBXFileReference; includeInIndex = 1; lastKnownFileType = sourcecode.swift; path = NetworkService.swift; sourceTree = "<group>"; };
		20CCBE29F1E96887AC43FC7B /* RateLimitState.swift */ = {isa = PBXFileReference; includeInIndex = 1; lastKnownFileType = sourcecode.swift; path = RateLimitState.swift; sourceTree = "<group>"; };
		2B42B677D75020B244722F76 /* CameraPreviewView.swift */ = {isa = PBXFileReference; includeInIndex = 1; lastKnownFileType = sourcecode.swift; path = CameraPreviewView.swift; sourceTree = "<group>"; };
		2CF5ABF3BBEB18F5D999C863 /* LaunchScreenView.swift */ = {isa = PBXFileReference; includeInIndex = 1; lastKnownFileType = sourcecode.swift; path = LaunchScreenView.swift; sourceTree = "<group>"; };
		3A1B2C4D5E6F7A8B9C0D1E2F /* CaptureGuidanceView.swift */ = {isa = PBXFileReference; includeInIndex = 1; lastKnownFileType = sourcecode.swift; path = CaptureGuidanceView.swift; sourceTree = "<group>"; };
		4B96FA1D2851B9E6A44B4A51 /* VisionService.swift */ = {isa = PBXFileReference; includeInIndex = 1; lastKnownFileType = sourcecode.swift; name = VisionService.swift; path = Services/VisionService.swift; sourceTree = "<group>"; };
		51482BF923E8B4E6C0098A07 /* VisionTypes.swift */ = {isa = PBXFileReference; includeInIndex = 1; lastKnownFileType = sourcecode.swift; name = VisionTypes.swift; path = Services/VisionTypes.swift; sourceTree = "<group>"; };
		518C6845C092FC50A655B339 /* Info.plist */ = {isa = PBXFileReference; includeInIndex = 1; lastKnownFileType = text.plist.xml; path = Info.plist; sourceTree = "<group>"; };
		55A9AF22BFD486E653476974 /* ProcessingQueueView.swift */ = {isa = PBXFileReference; includeInIndex = 1; lastKnownFileType = sourcecode.swift; path = ProcessingQueueView.swift; sourceTree = "<group>"; };
		59F317E1876D4A1AA17ED9AD /* PerformanceLogger.swift */ = {isa = PBXFileReference; lastKnownFileType = sourcecode.swift; path = PerformanceLogger.swift; sourceTree = "<group>"; };
		59FB6D56A60C6F1B554499EB /* HelloWorldView.swift */ = {isa = PBXFileReference; includeInIndex = 1; lastKnownFileType = sourcecode.swift; path = HelloWorldView.swift; sourceTree = "<group>"; };
		5D36FFC3AF4B7AF115115DEC /* OnboardingView.swift */ = {isa = PBXFileReference; includeInIndex = 1; lastKnownFileType = sourcecode.swift; path = OnboardingView.swift; sourceTree = "<group>"; };
		61AA37A8BF1D45E7A09593F7 /* DuplicateBookAlert.swift */ = {isa = PBXFileReference; lastKnownFileType = sourcecode.swift; path = DuplicateBookAlert.swift; sourceTree = "<group>"; };
		6CABBB6D46005235B0EE24D0 /* OfflineQueueManager.swift */ = {isa = PBXFileReference; includeInIndex = 1; lastKnownFileType = sourcecode.swift; path = OfflineQueueManager.swift; sourceTree = "<group>"; };
		733AF8F390562E0E6977AD18 /* CameraManager.swift */ = {isa = PBXFileReference; includeInIndex = 1; lastKnownFileType = sourcecode.swift; path = CameraManager.swift; sourceTree = "<group>"; };
		7F0000020000000000000001 /* SwiftwingApp.swift */ = {isa = PBXFileReference; lastKnownFileType = sourcecode.swift; path = SwiftwingApp.swift; sourceTree = "<group>"; };
		7F0000040000000000000001 /* ContentView.swift */ = {isa = PBXFileReference; lastKnownFileType = sourcecode.swift; path = ContentView.swift; sourceTree = "<group>"; };
		7F0000060000000000000001 /* Book.swift */ = {isa = PBXFileReference; lastKnownFileType = sourcecode.swift; path = Book.swift; sourceTree = "<group>"; };
		7F0000080000000000000001 /* Assets.xcassets */ = {isa = PBXFileReference; lastKnownFileType = folder.assetcatalog; path = Assets.xcassets; sourceTree = "<group>"; };
		7F00000A0000000000000001 /* Preview Assets.xcassets */ = {isa = PBXFileReference; lastKnownFileType = folder.assetcatalog; path = "Preview Assets.xcassets"; sourceTree = "<group>"; };
		7F00000B0000000000000001 /* swiftwing.app */ = {isa = PBXFileReference; explicitFileType = wrapper.application; includeInIndex = 0; path = swiftwing.app; sourceTree = BUILT_PRODUCTS_DIR; };
		7F00001D0000000000000001 /* LibraryView.swift */ = {isa = PBXFileReference; lastKnownFileType = sourcecode.swift; path = LibraryView.swift; sourceTree = "<group>"; };
		7F00001F0000000000000001 /* RootView.swift */ = {isa = PBXFileReference; lastKnownFileType = sourcecode.swift; path = RootView.swift; sourceTree = "<group>"; };
		7F0000210000000000000001 /* CameraPermissionPrimerView.swift */ = {isa = PBXFileReference; lastKnownFileType = sourcecode.swift; path = CameraPermissionPrimerView.swift; sourceTree = "<group>"; };
		7F0000230000000000000001 /* AsyncImageWithLoading.swift */ = {isa = PBXFileReference; lastKnownFileType = sourcecode.swift; path = AsyncImageWithLoading.swift; sourceTree = "<group>"; };
		8F38536DACB936224AB7F798 /* Theme.swift */ = {isa = PBXFileReference; includeInIndex = 1; lastKnownFileType = sourcecode.swift; path = Theme.swift; sourceTree = "<group>"; };
		8FF5FA190CF9E5B8B778E942 /* CameraView.swift */ = {isa = PBXFileReference; includeInIndex = 1; lastKnownFileType = sourcecode.swift; path = CameraView.swift; sourceTree = "<group>"; };
		90075E8758F64E3095FAE717 /* PerformanceTestData.swift */ = {isa = PBXFileReference; lastKnownFileType = sourcecode.swift; path = PerformanceTestData.swift; sourceTree = "<group>"; };
		A0C34711D49BCB093EFDEC4E /* NetworkMonitor.swift */ = {isa = PBXFileReference; includeInIndex = 1; lastKnownFileType = sourcecode.swift; path = NetworkMonitor.swift; sourceTree = "<group>"; };
		A58930792F268AA000629770 /* swiftwingTests.xctest */ = {isa = PBXFileReference; explicitFileType = wrapper.cfbundle; includeInIndex = 0; path = swiftwingTests.xctest; sourceTree = BUILT_PRODUCTS_DIR; };
		A589308A2F26D83900629770 /* CameraViewModel.swift */ = {isa = PBXFileReference; lastKnownFileType = sourcecode.swift; path = CameraViewModel.swift; sourceTree = "<group>"; };
		A5A4802F2F23C145006CD05C /* LibraryPrefetchCoordinator.swift */ = {isa = PBXFileReference; lastKnownFileType = sourcecode.swift; path = LibraryPrefetchCoordinator.swift; sourceTree = "<group>"; };
		A5A480372F23CF0D006CD05C /* ImageCacheManager.swift */ = {isa = PBXFileReference; lastKnownFileType = sourcecode.swift; path = ImageCacheManager.swift; sourceTree = "<group>"; };
		A77334C1AFF23F057B4627DC /* StreamManager.swift */ = {isa = PBXFileReference; includeInIndex = 1; lastKnownFileType = sourcecode.swift; path = StreamManager.swift; sourceTree = "<group>"; };
		A8195C0DA788117D0CA7F743 /* ProcessingItem.swift */ = {isa = PBXFileReference; includeInIndex = 1; lastKnownFileType = sourcecode.swift; path = ProcessingItem.swift; sourceTree = "<group>"; };
		ACCC3A90A3E43A15C862A285 /* VisionOverlayView.swift */ = {isa = PBXFileReference; includeInIndex = 1; lastKnownFileType = sourcecode.swift; path = VisionOverlayView.swift; sourceTree = "<group>"; };
		BBAB4A6B0846BA3231888A50 /* TalariaService.swift */ = {isa = PBXFileReference; lastKnownFileType = sourcecode.swift; path = Services/TalariaService.swift; sourceTree = "<group>"; };
		C48EF5A601C80414ED1B7BBB /* NetworkTypes.swift */ = {isa = PBXFileReference; lastKnownFileType = sourcecode.swift; path = Services/NetworkTypes.swift; sourceTree = "<group>"; };
		CBA88448C0C24D34A5C7BEE6 /* DuplicateDetection.swift */ = {isa = PBXFileReference; lastKnownFileType = sourcecode.swift; path = DuplicateDetection.swift; sourceTree = "<group>"; };
		D2799E01740D4AFBDD20D960 /* JetBrainsMono-Regular.ttf */ = {isa = PBXFileReference; includeInIndex = 1; lastKnownFileType = file; path = "JetBrainsMono-Regular.ttf"; sourceTree = "<group>"; };
		EE8E70F2333D41D8880E7CCA /* DataSeeder.swift */ = {isa = PBXFileReference; lastKnownFileType = sourcecode.swift; path = DataSeeder.swift; sourceTree = "<group>"; };
		F184A4CAD286EF04FAB2CA01 /* OfflineIndicatorView.swift */ = {isa = PBXFileReference; lastKnownFileType = sourcecode.swift; path = OfflineIndicatorView.swift; sourceTree = "<group>"; };
		FBAF27E2A6A676CA79EE6CFF /* RateLimitOverlay.swift */ = {isa = PBXFileReference; includeInIndex = 1; lastKnownFileType = sourcecode.swift; path = RateLimitOverlay.swift; sourceTree = "<group>"; };
/* End PBXFileReference section */

/* Begin PBXFileSystemSynchronizedRootGroup section */
		A589307A2F268AA000629770 /* swiftwingTests */ = {
			isa = PBXFileSystemSynchronizedRootGroup;
			exceptions = (
			);
			path = swiftwingTests;
			sourceTree = "<group>";
		};
/* End PBXFileSystemSynchronizedRootGroup section */

/* Begin PBXFrameworksBuildPhase section */
		7F00000C0000000000000001 /* Frameworks */ = {
			isa = PBXFrameworksBuildPhase;
			buildActionMask = 2147483647;
			files = (
				7F0000290000000000000001 /* OpenAPIRuntime in Frameworks */,
				7F00002A0000000000000001 /* OpenAPIURLSession in Frameworks */,
			);
			runOnlyForDeploymentPostprocessing = 0;
		};
		A58930762F268AA000629770 /* Frameworks */ = {
			isa = PBXFrameworksBuildPhase;
			buildActionMask = 2147483647;
			files = (
			);
			runOnlyForDeploymentPostprocessing = 0;
		};
/* End PBXFrameworksBuildPhase section */

/* Begin PBXGroup section */
		7F00000D0000000000000001 = {
			isa = PBXGroup;
			children = (
				7F00000E0000000000000001 /* swiftwing */,
				A589307A2F268AA000629770 /* swiftwingTests */,
				7F00000F0000000000000001 /* Products */,
			);
			sourceTree = "<group>";
		};
		7F00000E0000000000000001 /* swiftwing */ = {
			isa = PBXGroup;
			children = (
				7F0000020000000000000001 /* SwiftwingApp.swift */,
				CBA88448C0C24D34A5C7BEE6 /* DuplicateDetection.swift */,
				61AA37A8BF1D45E7A09593F7 /* DuplicateBookAlert.swift */,
				7F0000040000000000000001 /* ContentView.swift */,
				7F00001D0000000000000001 /* LibraryView.swift */,
				7F00001F0000000000000001 /* RootView.swift */,
				7F0000210000000000000001 /* CameraPermissionPrimerView.swift */,
				7F0000100000000000000001 /* Models */,
				7F0000080000000000000001 /* Assets.xcassets */,
				7F0000110000000000000001 /* Preview Content */,
				518C6845C092FC50A655B339 /* Info.plist */,
				59FB6D56A60C6F1B554499EB /* HelloWorldView.swift */,
				8F38536DACB936224AB7F798 /* Theme.swift */,
				CCCC1CE7E505514299320EBC /* Fonts */,
				05DF41D1F3E2F7121ECA7F30 /* NetworkService.swift */,
				A0C34711D49BCB093EFDEC4E /* NetworkMonitor.swift */,
				6CABBB6D46005235B0EE24D0 /* OfflineQueueManager.swift */,
				733AF8F390562E0E6977AD18 /* CameraManager.swift */,
				2B42B677D75020B244722F76 /* CameraPreviewView.swift */,
				8FF5FA190CF9E5B8B778E942 /* CameraView.swift */,
				A589308A2F26D83900629770 /* CameraViewModel.swift */,
				3A1B2C4D5E6F7A8B9C0D1E2F /* CaptureGuidanceView.swift */,
				A8195C0DA788117D0CA7F743 /* ProcessingItem.swift */,
				55A9AF22BFD486E653476974 /* ProcessingQueueView.swift */,
				F184A4CAD286EF04FAB2CA01 /* OfflineIndicatorView.swift */,
				7F0000230000000000000001 /* AsyncImageWithLoading.swift */,
				A5A480372F23CF0D006CD05C /* ImageCacheManager.swift */,
				A5A4802F2F23C145006CD05C /* LibraryPrefetchCoordinator.swift */,
				90075E8758F64E3095FAE717 /* PerformanceTestData.swift */,
				59F317E1876D4A1AA17ED9AD /* PerformanceLogger.swift */,
				BBAB4A6B0846BA3231888A50 /* TalariaService.swift */,
				C48EF5A601C80414ED1B7BBB /* NetworkTypes.swift */,
				20CCBE29F1E96887AC43FC7B /* RateLimitState.swift */,
				FBAF27E2A6A676CA79EE6CFF /* RateLimitOverlay.swift */,
				A77334C1AFF23F057B4627DC /* StreamManager.swift */,
				2CF5ABF3BBEB18F5D999C863 /* LaunchScreenView.swift */,
				5D36FFC3AF4B7AF115115DEC /* OnboardingView.swift */,
				ACCC3A90A3E43A15C862A285 /* VisionOverlayView.swift */,
				F5F8FC1FF0A6DBF1A1FBDB2C /* Services */,
			);
			path = swiftwing;
			sourceTree = "<group>";
		};
		7F00000F0000000000000001 /* Products */ = {
			isa = PBXGroup;
			children = (
				7F00000B0000000000000001 /* swiftwing.app */,
				A58930792F268AA000629770 /* swiftwingTests.xctest */,
			);
			name = Products;
			sourceTree = "<group>";
		};
		7F0000100000000000000001 /* Models */ = {
			isa = PBXGroup;
			children = (
				7F0000060000000000000001 /* Book.swift */,
				EE8E70F2333D41D8880E7CCA /* DataSeeder.swift */,
			);
			path = Models;
			sourceTree = "<group>";
		};
		7F0000110000000000000001 /* Preview Content */ = {
			isa = PBXGroup;
			children = (
				7F00000A0000000000000001 /* Preview Assets.xcassets */,
			);
			path = "Preview Content";
			sourceTree = "<group>";
		};
		CCCC1CE7E505514299320EBC /* Fonts */ = {
			isa = PBXGroup;
			children = (
				D2799E01740D4AFBDD20D960 /* JetBrainsMono-Regular.ttf */,
			);
			path = Fonts;
			sourceTree = "<group>";
		};
		F5F8FC1FF0A6DBF1A1FBDB2C /* Services */ = {
			isa = PBXGroup;
			children = (
				51482BF923E8B4E6C0098A07 /* VisionTypes.swift */,
				4B96FA1D2851B9E6A44B4A51 /* VisionService.swift */,
			);
			name = Services;
			sourceTree = "<group>";
		};
/* End PBXGroup section */

/* Begin PBXNativeTarget section */
		7F0000120000000000000001 /* swiftwing */ = {
			isa = PBXNativeTarget;
			buildConfigurationList = 7F0000130000000000000001 /* Build configuration list for PBXNativeTarget "swiftwing" */;
			buildPhases = (
				EDEDAA114D594D6F2465F334 /* Copy OpenAPI Spec */,
				7F0000140000000000000001 /* Sources */,
				7F00000C0000000000000001 /* Frameworks */,
				7F0000150000000000000001 /* Resources */,
			);
			buildRules = (
			);
			dependencies = (
			);
			name = swiftwing;
			packageProductDependencies = (
				7F0000240000000000000001 /* OpenAPIRuntime */,
				7F0000250000000000000001 /* OpenAPIURLSession */,
			);
			productName = swiftwing;
			productReference = 7F00000B0000000000000001 /* swiftwing.app */;
			productType = "com.apple.product-type.application";
		};
		A58930782F268AA000629770 /* swiftwingTests */ = {
			isa = PBXNativeTarget;
			buildConfigurationList = A58930812F268AA000629770 /* Build configuration list for PBXNativeTarget "swiftwingTests" */;
			buildPhases = (
				A58930752F268AA000629770 /* Sources */,
				A58930762F268AA000629770 /* Frameworks */,
				A58930772F268AA000629770 /* Resources */,
			);
			buildRules = (
			);
			dependencies = (
				A589307E2F268AA000629770 /* PBXTargetDependency */,
			);
			fileSystemSynchronizedGroups = (
				A589307A2F268AA000629770 /* swiftwingTests */,
			);
			name = swiftwingTests;
			productName = swiftwingTests;
			productReference = A58930792F268AA000629770 /* swiftwingTests.xctest */;
			productType = "com.apple.product-type.bundle.unit-test";
		};
/* End PBXNativeTarget section */

/* Begin PBXProject section */
		7F0000160000000000000001 /* Project object */ = {
			isa = PBXProject;
			attributes = {
				BuildIndependentTargetsInParallel = 1;
				LastSwiftUpdateCheck = 2620;
				LastUpgradeCheck = 2620;
				TargetAttributes = {
					7F0000120000000000000001 = {
						CreatedOnToolsVersion = 16.2;
					};
					A58930782F268AA000629770 = {
						CreatedOnToolsVersion = 26.2;
						TestTargetID = 7F0000120000000000000001;
					};
				};
			};
			buildConfigurationList = 7F0000170000000000000001 /* Build configuration list for PBXProject "swiftwing" */;
			developmentRegion = en;
			hasScannedForEncodings = 0;
			knownRegions = (
				en,
				Base,
			);
			mainGroup = 7F00000D0000000000000001;
			minimizedProjectReferenceProxies = 1;
			packageReferences = (
				7F0000260000000000000001 /* XCRemoteSwiftPackageReference "swift-openapi-generator" */,
				7F0000270000000000000001 /* XCRemoteSwiftPackageReference "swift-openapi-runtime" */,
				7F0000280000000000000001 /* XCRemoteSwiftPackageReference "swift-openapi-urlsession" */,
			);
			preferredProjectObjectVersion = 77;
			productRefGroup = 7F00000F0000000000000001 /* Products */;
			projectDirPath = "";
			projectRoot = "";
			targets = (
				7F0000120000000000000001 /* swiftwing */,
				A58930782F268AA000629770 /* swiftwingTests */,
			);
		};
/* End PBXProject section */

/* Begin PBXResourcesBuildPhase section */
		7F0000150000000000000001 /* Resources */ = {
			isa = PBXResourcesBuildPhase;
			buildActionMask = 2147483647;
			files = (
				7F0000090000000000000001 /* Preview Assets.xcassets in Resources */,
				7F0000070000000000000001 /* Assets.xcassets in Resources */,
				297CACB39DDD705A8166A4A6 /* JetBrainsMono-Regular.ttf in Resources */,
			);
			runOnlyForDeploymentPostprocessing = 0;
		};
		A58930772F268AA000629770 /* Resources */ = {
			isa = PBXResourcesBuildPhase;
			buildActionMask = 2147483647;
			files = (
			);
			runOnlyForDeploymentPostprocessing = 0;
		};
/* End PBXResourcesBuildPhase section */

/* Begin PBXShellScriptBuildPhase section */
		EDEDAA114D594D6F2465F334 /* Copy OpenAPI Spec */ = {
			isa = PBXShellScriptBuildPhase;
			buildActionMask = 2147483647;
			files = (
			);
			inputFileListPaths = (
			);
			inputPaths = (
				"$(SRCROOT)/Scripts/copy-openapi-spec.sh",
				"$(SRCROOT)/swiftwing/OpenAPI/talaria-openapi.yaml",
			);
			name = "Copy OpenAPI Spec";
			outputFileListPaths = (
			);
			outputPaths = (
				"$(SRCROOT)/swiftwing/Generated/openapi.yaml",
			);
			runOnlyForDeploymentPostprocessing = 0;
			shellPath = /bin/sh;
			shellScript = "\"${SRCROOT}/Scripts/copy-openapi-spec.sh\"";
			showEnvVarsInLog = 0;
		};
/* End PBXShellScriptBuildPhase section */

/* Begin PBXSourcesBuildPhase section */
		7F0000140000000000000001 /* Sources */ = {
			isa = PBXSourcesBuildPhase;
			buildActionMask = 2147483647;
			files = (
				7F0000030000000000000001 /* ContentView.swift in Sources */,
				7F0000050000000000000001 /* Book.swift in Sources */,
				5BBE000C15164F08B85C9DC8 /* DataSeeder.swift in Sources */,
				A5A480302F23C145006CD05C /* LibraryPrefetchCoordinator.swift in Sources */,
				7F0000010000000000000001 /* SwiftwingApp.swift in Sources */,
				7F00001C0000000000000001 /* LibraryView.swift in Sources */,
				7F00001E0000000000000001 /* RootView.swift in Sources */,
				7F0000200000000000000001 /* CameraPermissionPrimerView.swift in Sources */,
				08E60B7F11CBC9DD92B19F18 /* HelloWorldView.swift in Sources */,
				7FCD53E9DDA2C7058C8E36C8 /* Theme.swift in Sources */,
				C10E7E61AFE75C123777DF9D /* NetworkService.swift in Sources */,
				4DDBCFECEC52959DDB2C7B38 /* NetworkMonitor.swift in Sources */,
				ACBEEDDC92CAE5BFB17A2AFB /* OfflineQueueManager.swift in Sources */,
				DD2F515C3B491533FA6F45D5 /* CameraManager.swift in Sources */,
				A5A480382F23CF0D006CD05C /* ImageCacheManager.swift in Sources */,
				2E9C5C68CCE99F44D82796D9 /* CameraPreviewView.swift in Sources */,
				369C951CC93A9EEF0790D727 /* CameraView.swift in Sources */,
				32F4A5B6C7D8E9F0A1B2C3D4 /* CaptureGuidanceView.swift in Sources */,
				BBFC697E2E23D044AC8EF131 /* ProcessingItem.swift in Sources */,
				6F97989D8D79A34FDE104ECA /* ProcessingQueueView.swift in Sources */,
				13D8148661AABC54AB421ADC /* OfflineIndicatorView.swift in Sources */,
				7F0000220000000000000001 /* AsyncImageWithLoading.swift in Sources */,
				7B2A93E4D8FF47B0A02715CD /* DuplicateDetection.swift in Sources */,
				AA39CA26AE1946FCA5954F21 /* DuplicateBookAlert.swift in Sources */,
				671ACECE8D5940428308C6EC /* PerformanceTestData.swift in Sources */,
				A589308B2F26D83900629770 /* CameraViewModel.swift in Sources */,
				DF526BC6E5DA4567A1DFEF80 /* PerformanceLogger.swift in Sources */,
				F6160EAA1D7539CA137F91D9 /* TalariaService.swift in Sources */,
				C4D5F032A82E62917C7B51A5 /* NetworkTypes.swift in Sources */,
				9779FA3AFEE4F200B5CDA6A1 /* RateLimitState.swift in Sources */,
				C8DAF14A65C717951B5F0587 /* RateLimitOverlay.swift in Sources */,
				073C5F55E358DC2A27012703 /* StreamManager.swift in Sources */,
				420A170E7A7CA72194C885D9 /* LaunchScreenView.swift in Sources */,
				B2484F92C9D489D1C6BC5394 /* OnboardingView.swift in Sources */,
				92F6E063027BB1606D340CF6 /* VisionOverlayView.swift in Sources */,
				DABC14EAB6449A528531BAEE /* VisionTypes.swift in Sources */,
				4ED9283B69C74BA2B6452ADF /* VisionService.swift in Sources */,
			);
			runOnlyForDeploymentPostprocessing = 0;
		};
		A58930752F268AA000629770 /* Sources */ = {
			isa = PBXSourcesBuildPhase;
			buildActionMask = 2147483647;
			files = (
			);
			runOnlyForDeploymentPostprocessing = 0;
		};
/* End PBXSourcesBuildPhase section */

/* Begin PBXTargetDependency section */
		A589307E2F268AA000629770 /* PBXTargetDependency */ = {
			isa = PBXTargetDependency;
			target = 7F0000120000000000000001 /* swiftwing */;
			targetProxy = A589307D2F268AA000629770 /* PBXContainerItemProxy */;
		};
/* End PBXTargetDependency section */

/* Begin XCBuildConfiguration section */
		7F0000180000000000000001 /* Debug */ = {
			isa = XCBuildConfiguration;
			buildSettings = {
				ALWAYS_SEARCH_USER_PATHS = NO;
				ASSETCATALOG_COMPILER_GENERATE_SWIFT_ASSET_SYMBOL_EXTENSIONS = YES;
				CLANG_ANALYZER_NONNULL = YES;
				CLANG_ANALYZER_NUMBER_OBJECT_CONVERSION = YES_AGGRESSIVE;
				CLANG_CXX_LANGUAGE_STANDARD = "gnu++20";
				CLANG_ENABLE_MODULES = YES;
				CLANG_ENABLE_OBJC_ARC = YES;
				CLANG_ENABLE_OBJC_WEAK = YES;
				CLANG_WARN_BLOCK_CAPTURE_AUTORELEASING = YES;
				CLANG_WARN_BOOL_CONVERSION = YES;
				CLANG_WARN_COMMA = YES;
				CLANG_WARN_CONSTANT_CONVERSION = YES;
				CLANG_WARN_DEPRECATED_OBJC_IMPLEMENTATIONS = YES;
				CLANG_WARN_DIRECT_OBJC_ISA_USAGE = YES_ERROR;
				CLANG_WARN_DOCUMENTATION_COMMENTS = YES;
				CLANG_WARN_EMPTY_BODY = YES;
				CLANG_WARN_ENUM_CONVERSION = YES;
				CLANG_WARN_INFINITE_RECURSION = YES;
				CLANG_WARN_INT_CONVERSION = YES;
				CLANG_WARN_NON_LITERAL_NULL_CONVERSION = YES;
				CLANG_WARN_OBJC_IMPLICIT_RETAIN_SELF = YES;
				CLANG_WARN_OBJC_LITERAL_CONVERSION = YES;
				CLANG_WARN_OBJC_ROOT_CLASS = YES_ERROR;
				CLANG_WARN_QUOTED_INCLUDE_IN_FRAMEWORK_HEADER = YES;
				CLANG_WARN_RANGE_LOOP_ANALYSIS = YES;
				CLANG_WARN_STRICT_PROTOTYPES = YES;
				CLANG_WARN_SUSPICIOUS_MOVE = YES;
				CLANG_WARN_UNGUARDED_AVAILABILITY = YES_AGGRESSIVE;
				CLANG_WARN_UNREACHABLE_CODE = YES;
				CLANG_WARN__DUPLICATE_METHOD_MATCH = YES;
				COPY_PHASE_STRIP = NO;
				DEBUG_INFORMATION_FORMAT = dwarf;
				DEVELOPMENT_TEAM = 8Z67H8Y8DW;
				ENABLE_STRICT_OBJC_MSGSEND = YES;
				ENABLE_TESTABILITY = YES;
				ENABLE_USER_SCRIPT_SANDBOXING = YES;
				GCC_C_LANGUAGE_STANDARD = gnu17;
				GCC_DYNAMIC_NO_PIC = NO;
				GCC_NO_COMMON_BLOCKS = YES;
				GCC_OPTIMIZATION_LEVEL = 0;
				GCC_PREPROCESSOR_DEFINITIONS = (
					"DEBUG=1",
					"$(inherited)",
				);
				GCC_WARN_64_TO_32_BIT_CONVERSION = YES;
				GCC_WARN_ABOUT_RETURN_TYPE = YES_ERROR;
				GCC_WARN_UNDECLARED_SELECTOR = YES;
				GCC_WARN_UNINITIALIZED_AUTOS = YES_AGGRESSIVE;
				GCC_WARN_UNUSED_FUNCTION = YES;
				GCC_WARN_UNUSED_VARIABLE = YES;
				IPHONEOS_DEPLOYMENT_TARGET = 26.0;
				LOCALIZATION_PREFERS_STRING_CATALOGS = YES;
				MTL_ENABLE_DEBUG_INFO = INCLUDE_SOURCE;
				MTL_FAST_MATH = YES;
				ONLY_ACTIVE_ARCH = YES;
				SDKROOT = iphoneos;
				STRING_CATALOG_GENERATE_SYMBOLS = YES;
				SWIFT_ACTIVE_COMPILATION_CONDITIONS = "DEBUG $(inherited)";
				SWIFT_OPTIMIZATION_LEVEL = "-Onone";
			};
			name = Debug;
		};
		7F0000190000000000000001 /* Release */ = {
			isa = XCBuildConfiguration;
			buildSettings = {
				ALWAYS_SEARCH_USER_PATHS = NO;
				ASSETCATALOG_COMPILER_GENERATE_SWIFT_ASSET_SYMBOL_EXTENSIONS = YES;
				CLANG_ANALYZER_NONNULL = YES;
				CLANG_ANALYZER_NUMBER_OBJECT_CONVERSION = YES_AGGRESSIVE;
				CLANG_CXX_LANGUAGE_STANDARD = "gnu++20";
				CLANG_ENABLE_MODULES = YES;
				CLANG_ENABLE_OBJC_ARC = YES;
				CLANG_ENABLE_OBJC_WEAK = YES;
				CLANG_WARN_BLOCK_CAPTURE_AUTORELEASING = YES;
				CLANG_WARN_BOOL_CONVERSION = YES;
				CLANG_WARN_COMMA = YES;
				CLANG_WARN_CONSTANT_CONVERSION = YES;
				CLANG_WARN_DEPRECATED_OBJC_IMPLEMENTATIONS = YES;
				CLANG_WARN_DIRECT_OBJC_ISA_USAGE = YES_ERROR;
				CLANG_WARN_DOCUMENTATION_COMMENTS = YES;
				CLANG_WARN_EMPTY_BODY = YES;
				CLANG_WARN_ENUM_CONVERSION = YES;
				CLANG_WARN_INFINITE_RECURSION = YES;
				CLANG_WARN_INT_CONVERSION = YES;
				CLANG_WARN_NON_LITERAL_NULL_CONVERSION = YES;
				CLANG_WARN_OBJC_IMPLICIT_RETAIN_SELF = YES;
				CLANG_WARN_OBJC_LITERAL_CONVERSION = YES;
				CLANG_WARN_OBJC_ROOT_CLASS = YES_ERROR;
				CLANG_WARN_QUOTED_INCLUDE_IN_FRAMEWORK_HEADER = YES;
				CLANG_WARN_RANGE_LOOP_ANALYSIS = YES;
				CLANG_WARN_STRICT_PROTOTYPES = YES;
				CLANG_WARN_SUSPICIOUS_MOVE = YES;
				CLANG_WARN_UNGUARDED_AVAILABILITY = YES_AGGRESSIVE;
				CLANG_WARN_UNREACHABLE_CODE = YES;
				CLANG_WARN__DUPLICATE_METHOD_MATCH = YES;
				COPY_PHASE_STRIP = NO;
				DEBUG_INFORMATION_FORMAT = "dwarf-with-dsym";
				DEVELOPMENT_TEAM = 8Z67H8Y8DW;
				ENABLE_NS_ASSERTIONS = NO;
				ENABLE_STRICT_OBJC_MSGSEND = YES;
				ENABLE_USER_SCRIPT_SANDBOXING = YES;
				GCC_C_LANGUAGE_STANDARD = gnu17;
				GCC_NO_COMMON_BLOCKS = YES;
				GCC_WARN_64_TO_32_BIT_CONVERSION = YES;
				GCC_WARN_ABOUT_RETURN_TYPE = YES_ERROR;
				GCC_WARN_UNDECLARED_SELECTOR = YES;
				GCC_WARN_UNINITIALIZED_AUTOS = YES_AGGRESSIVE;
				GCC_WARN_UNUSED_FUNCTION = YES;
				GCC_WARN_UNUSED_VARIABLE = YES;
				IPHONEOS_DEPLOYMENT_TARGET = 26.0;
				LOCALIZATION_PREFERS_STRING_CATALOGS = YES;
				MTL_ENABLE_DEBUG_INFO = NO;
				MTL_FAST_MATH = YES;
				SDKROOT = iphoneos;
				STRING_CATALOG_GENERATE_SYMBOLS = YES;
				SWIFT_COMPILATION_MODE = wholemodule;
				VALIDATE_PRODUCT = YES;
			};
			name = Release;
		};
		7F00001A0000000000000001 /* Debug */ = {
			isa = XCBuildConfiguration;
			buildSettings = {
				ASSETCATALOG_COMPILER_APPICON_NAME = AppIcon;
				ASSETCATALOG_COMPILER_GLOBAL_ACCENT_COLOR_NAME = AccentColor;
				CODE_SIGN_STYLE = Automatic;
				CURRENT_PROJECT_VERSION = 1;
				DEVELOPMENT_ASSET_PATHS = "\"swiftwing/Preview Content\"";
				ENABLE_PREVIEWS = YES;
				GENERATE_INFOPLIST_FILE = YES;
				INFOPLIST_FILE = swiftwing/Info.plist;
				INFOPLIST_KEY_CFBundleDisplayName = swiftoooe;
				INFOPLIST_KEY_LSApplicationCategoryType = "public.app-category.books";
				INFOPLIST_KEY_NSCameraUsageDescription = "SwiftWing uses your camera to scan book spines for automatic identification.";
				INFOPLIST_KEY_UIApplicationSceneManifest_Generation = YES;
				INFOPLIST_KEY_UIApplicationSupportsIndirectInputEvents = YES;
				INFOPLIST_KEY_UILaunchScreen_Generation = YES;
				INFOPLIST_KEY_UISupportedInterfaceOrientations_iPad = "UIInterfaceOrientationPortrait UIInterfaceOrientationPortraitUpsideDown UIInterfaceOrientationLandscapeLeft UIInterfaceOrientationLandscapeRight";
				INFOPLIST_KEY_UISupportedInterfaceOrientations_iPhone = "UIInterfaceOrientationPortrait UIInterfaceOrientationLandscapeLeft UIInterfaceOrientationLandscapeRight";
				IPHONEOS_DEPLOYMENT_TARGET = 26.0;
				LD_RUNPATH_SEARCH_PATHS = (
					"$(inherited)",
					"@executable_path/Frameworks",
				);
				MARKETING_VERSION = 1.0;
				PRODUCT_BUNDLE_IDENTIFIER = com.ooheynerds.swiftwing;
				PRODUCT_NAME = "$(TARGET_NAME)";
				SUPPORTED_PLATFORMS = "iphoneos iphonesimulator";
				SUPPORTS_MACCATALYST = NO;
				SUPPORTS_MAC_DESIGNED_FOR_IPHONE_IPAD = NO;
				SUPPORTS_XR_DESIGNED_FOR_IPHONE_IPAD = NO;
				SWIFT_EMIT_LOC_STRINGS = YES;
				SWIFT_VERSION = 6.2;
				TARGETED_DEVICE_FAMILY = "1,2";
			};
			name = Debug;
		};
		7F00001B0000000000000001 /* Release */ = {
			isa = XCBuildConfiguration;
			buildSettings = {
				ASSETCATALOG_COMPILER_APPICON_NAME = AppIcon;
				ASSETCATALOG_COMPILER_GLOBAL_ACCENT_COLOR_NAME = AccentColor;
				CODE_SIGN_STYLE = Automatic;
				CURRENT_PROJECT_VERSION = 1;
				DEVELOPMENT_ASSET_PATHS = "\"swiftwing/Preview Content\"";
				ENABLE_PREVIEWS = YES;
				GENERATE_INFOPLIST_FILE = YES;
				INFOPLIST_FILE = swiftwing/Info.plist;
				INFOPLIST_KEY_CFBundleDisplayName = swiftoooe;
				INFOPLIST_KEY_LSApplicationCategoryType = "public.app-category.books";
				INFOPLIST_KEY_NSCameraUsageDescription = "SwiftWing uses your camera to scan book spines for automatic identification.";
				INFOPLIST_KEY_UIApplicationSceneManifest_Generation = YES;
				INFOPLIST_KEY_UIApplicationSupportsIndirectInputEvents = YES;
				INFOPLIST_KEY_UILaunchScreen_Generation = YES;
				INFOPLIST_KEY_UISupportedInterfaceOrientations_iPad = "UIInterfaceOrientationPortrait UIInterfaceOrientationPortraitUpsideDown UIInterfaceOrientationLandscapeLeft UIInterfaceOrientationLandscapeRight";
				INFOPLIST_KEY_UISupportedInterfaceOrientations_iPhone = "UIInterfaceOrientationPortrait UIInterfaceOrientationLandscapeLeft UIInterfaceOrientationLandscapeRight";
				IPHONEOS_DEPLOYMENT_TARGET = 26.0;
				LD_RUNPATH_SEARCH_PATHS = (
					"$(inherited)",
					"@executable_path/Frameworks",
				);
				MARKETING_VERSION = 1.0;
				PRODUCT_BUNDLE_IDENTIFIER = com.ooheynerds.swiftwing;
				PRODUCT_NAME = "$(TARGET_NAME)";
				SUPPORTED_PLATFORMS = "iphoneos iphonesimulator";
				SUPPORTS_MACCATALYST = NO;
				SUPPORTS_MAC_DESIGNED_FOR_IPHONE_IPAD = NO;
				SUPPORTS_XR_DESIGNED_FOR_IPHONE_IPAD = NO;
				SWIFT_EMIT_LOC_STRINGS = YES;
				SWIFT_VERSION = 6.2;
				TARGETED_DEVICE_FAMILY = "1,2";
			};
			name = Release;
		};
		A589307F2F268AA000629770 /* Debug */ = {
			isa = XCBuildConfiguration;
			buildSettings = {
				BUNDLE_LOADER = "$(TEST_HOST)";
				CODE_SIGN_STYLE = Automatic;
				CURRENT_PROJECT_VERSION = 1;
				DEVELOPMENT_TEAM = 8Z67H8Y8DW;
				GENERATE_INFOPLIST_FILE = YES;
				IPHONEOS_DEPLOYMENT_TARGET = 26.2;
				MARKETING_VERSION = 1.0;
				PRODUCT_BUNDLE_IDENTIFIER = oooefam.swiftwingTests;
				PRODUCT_NAME = "$(TARGET_NAME)";
				STRING_CATALOG_GENERATE_SYMBOLS = NO;
				SWIFT_APPROACHABLE_CONCURRENCY = YES;
				SWIFT_EMIT_LOC_STRINGS = NO;
				SWIFT_UPCOMING_FEATURE_MEMBER_IMPORT_VISIBILITY = YES;
				SWIFT_VERSION = 5.0;
				TARGETED_DEVICE_FAMILY = "1,2";
				TEST_HOST = "$(BUILT_PRODUCTS_DIR)/swiftwing.app/$(BUNDLE_EXECUTABLE_FOLDER_PATH)/swiftwing";
			};
			name = Debug;
		};
		A58930802F268AA000629770 /* Release */ = {
			isa = XCBuildConfiguration;
			buildSettings = {
				BUNDLE_LOADER = "$(TEST_HOST)";
				CODE_SIGN_STYLE = Automatic;
				CURRENT_PROJECT_VERSION = 1;
				DEVELOPMENT_TEAM = 8Z67H8Y8DW;
				GENERATE_INFOPLIST_FILE = YES;
				IPHONEOS_DEPLOYMENT_TARGET = 26.2;
				MARKETING_VERSION = 1.0;
				PRODUCT_BUNDLE_IDENTIFIER = oooefam.swiftwingTests;
				PRODUCT_NAME = "$(TARGET_NAME)";
				STRING_CATALOG_GENERATE_SYMBOLS = NO;
				SWIFT_APPROACHABLE_CONCURRENCY = YES;
				SWIFT_EMIT_LOC_STRINGS = NO;
				SWIFT_UPCOMING_FEATURE_MEMBER_IMPORT_VISIBILITY = YES;
				SWIFT_VERSION = 5.0;
				TARGETED_DEVICE_FAMILY = "1,2";
				TEST_HOST = "$(BUILT_PRODUCTS_DIR)/swiftwing.app/$(BUNDLE_EXECUTABLE_FOLDER_PATH)/swiftwing";
			};
			name = Release;
		};
/* End XCBuildConfiguration section */

/* Begin XCConfigurationList section */
		7F0000130000000000000001 /* Build configuration list for PBXNativeTarget "swiftwing" */ = {
			isa = XCConfigurationList;
			buildConfigurations = (
				7F00001A0000000000000001 /* Debug */,
				7F00001B0000000000000001 /* Release */,
			);
			defaultConfigurationIsVisible = 0;
			defaultConfigurationName = Release;
		};
		7F0000170000000000000001 /* Build configuration list for PBXProject "swiftwing" */ = {
			isa = XCConfigurationList;
			buildConfigurations = (
				7F0000180000000000000001 /* Debug */,
				7F0000190000000000000001 /* Release */,
			);
			defaultConfigurationIsVisible = 0;
			defaultConfigurationName = Release;
		};
		A58930812F268AA000629770 /* Build configuration list for PBXNativeTarget "swiftwingTests" */ = {
			isa = XCConfigurationList;
			buildConfigurations = (
				A589307F2F268AA000629770 /* Debug */,
				A58930802F268AA000629770 /* Release */,
			);
			defaultConfigurationIsVisible = 0;
			defaultConfigurationName = Release;
		};
/* End XCConfigurationList section */

/* Begin XCRemoteSwiftPackageReference section */
		7F0000260000000000000001 /* XCRemoteSwiftPackageReference "swift-openapi-generator" */ = {
			isa = XCRemoteSwiftPackageReference;
			repositoryURL = "https://github.com/apple/swift-openapi-generator";
			requirement = {
				kind = upToNextMajorVersion;
				minimumVersion = 1.0.0;
			};
		};
		7F0000270000000000000001 /* XCRemoteSwiftPackageReference "swift-openapi-runtime" */ = {
			isa = XCRemoteSwiftPackageReference;
			repositoryURL = "https://github.com/apple/swift-openapi-runtime";
			requirement = {
				kind = upToNextMajorVersion;
				minimumVersion = 1.0.0;
			};
		};
		7F0000280000000000000001 /* XCRemoteSwiftPackageReference "swift-openapi-urlsession" */ = {
			isa = XCRemoteSwiftPackageReference;
			repositoryURL = "https://github.com/apple/swift-openapi-urlsession";
			requirement = {
				kind = upToNextMajorVersion;
				minimumVersion = 1.0.0;
			};
		};
/* End XCRemoteSwiftPackageReference section */

/* Begin XCSwiftPackageProductDependency section */
		7F0000240000000000000001 /* OpenAPIRuntime */ = {
			isa = XCSwiftPackageProductDependency;
			package = 7F0000270000000000000001 /* XCRemoteSwiftPackageReference "swift-openapi-runtime" */;
			productName = OpenAPIRuntime;
		};
		7F0000250000000000000001 /* OpenAPIURLSession */ = {
			isa = XCSwiftPackageProductDependency;
			package = 7F0000280000000000000001 /* XCRemoteSwiftPackageReference "swift-openapi-urlsession" */;
			productName = OpenAPIURLSession;
		};
/* End XCSwiftPackageProductDependency section */
	};
	rootObject = 7F0000160000000000000001 /* Project object */;
}
